
Microsoft Visual Studio Solution File, Format Version 12.00
# Visual Studio Version 17
VisualStudioVersion = 17.8.34316.72
MinimumVisualStudioVersion = 10.0.40219.1
Project("{9A19103F-16F7-4668-BE54-9A1E7A4F7556}") = "TeslaAPI", "TeslaAPI\TeslaAPI.csproj", "{728440BD-BF02-4B43-8AB9-CA1977B35EA8}"
EndProject
Project("{FAE04EC0-301F-11D3-BF4B-00C04F79EFBC}") = "TestsTeslaAPI", "TestsTeslaAPI\TestsTeslaAPI.csproj", "{B165B8EE-00C8-4BA3-92E4-DC0E37450590}"
EndProject
Global
	GlobalSection(SolutionConfigurationPlatforms) = preSolution
		Debug|Any CPU = Debug|Any CPU
		Release|Any CPU = Release|Any CPU
	EndGlobalSection
	GlobalSection(ProjectConfigurationPlatforms) = postSolution
		{728440BD-BF02-4B43-8AB9-CA1977B35EA8}.Debug|Any CPU.ActiveCfg = Debug|Any CPU
		{728440BD-BF02-4B43-8AB9-CA1977B35EA8}.Debug|Any CPU.Build.0 = Debug|Any CPU
		{728440BD-BF02-4B43-8AB9-CA1977B35EA8}.Release|Any CPU.ActiveCfg = Release|Any CPU
		{728440BD-BF02-4B43-8AB9-CA1977B35EA8}.Release|Any CPU.Build.0 = Release|Any CPU
		{B165B8EE-00C8-4BA3-92E4-DC0E37450590}.Debug|Any CPU.ActiveCfg = Debug|Any CPU
		{B165B8EE-00C8-4BA3-92E4-DC0E37450590}.Debug|Any CPU.Build.0 = Debug|Any CPU
		{B165B8EE-00C8-4BA3-92E4-DC0E37450590}.Release|Any CPU.ActiveCfg = Release|Any CPU
		{B165B8EE-00C8-4BA3-92E4-DC0E37450590}.Release|Any CPU.Build.0 = Release|Any CPU
	EndGlobalSection
	GlobalSection(SolutionProperties) = preSolution
		HideSolutionNode = FALSE
	EndGlobalSection
	GlobalSection(ExtensibilityGlobals) = postSolution
		SolutionGuid = {5FF2498D-23C6-4C31-B54D-51A433A939D7}
	EndGlobalSection
EndGlobal
